
Microsoft Visual Studio Solution File, Format Version 12.00
# Visual Studio Version 16
VisualStudioVersion = 16.0.28803.202
MinimumVisualStudioVersion = 10.0.40219.1
Project("{FAE04EC0-301F-11D3-BF4B-00C04F79EFBC}") = "creditcard", "creditcard\creditcard.csproj", "{CEB10334-CF11-46D2-8F3C-124EA670CD6F}"
EndProject
Global
	GlobalSection(SolutionConfigurationPlatforms) = preSolution
		Debug|Any CPU = Debug|Any CPU
		Release|Any CPU = Release|Any CPU
	EndGlobalSection
	GlobalSection(ProjectConfigurationPlatforms) = postSolution
		{CEB10334-CF11-46D2-8F3C-124EA670CD6F}.Debug|Any CPU.ActiveCfg = Debug|Any CPU
		{CEB10334-CF11-46D2-8F3C-124EA670CD6F}.Debug|Any CPU.Build.0 = Debug|Any CPU
		{CEB10334-CF11-46D2-8F3C-124EA670CD6F}.Release|Any CPU.ActiveCfg = Release|Any CPU
		{CEB10334-CF11-46D2-8F3C-124EA670CD6F}.Release|Any CPU.Build.0 = Release|Any CPU
	EndGlobalSection
	GlobalSection(SolutionProperties) = preSolution
		HideSolutionNode = FALSE
	EndGlobalSection
	GlobalSection(ExtensibilityGlobals) = postSolution
		SolutionGuid = {02E4AE84-6DDC-411E-947C-19D8294CD873}
	EndGlobalSection
EndGlobal
